{
  "version": "5",
  "specifiers": {
    "npm:@opentelemetry/api@^1.9.0": "1.9.0",
    "npm:kysely@~0.28.2": "0.28.2"
  },
  "npm": {
    "@opentelemetry/api@1.9.0": {
      "integrity": "sha512-3giAOQvZiH5F9bMlMiv8+GSPMeqg0dbaeo58/0SlA9sxSqZhnUtxzX9/2FzyhS9sWQf5S0GJE0AKBrFqjpeYcg=="
    },
    "kysely@0.28.2": {
      "integrity": "sha512-4YAVLoF0Sf0UTqlhgQMFU9iQECdah7n+13ANkiuVfRvlK+uI0Etbgd7bVP36dKlG+NXWbhGua8vnGt+sdhvT7A=="
    }
  },
  "workspace": {
    "dependencies": [
      "npm:@opentelemetry/api@^1.9.0",
      "npm:kysely@~0.28.2"
    ]
  }
}
